
Microsoft Visual Studio Solution File, Format Version 12.00
# Visual Studio Version 17
VisualStudioVersion = 17.2.32630.192
MinimumVisualStudioVersion = 10.0.40219.1
Project("{FAE04EC0-301F-11D3-BF4B-00C04F79EFBC}") = "eShopSolution1", "eShopSolution1\eShopSolution1.csproj", "{3C08C655-FD03-49AF-84F8-DA5B4FBACFF7}"
EndProject
Global
	GlobalSection(SolutionConfigurationPlatforms) = preSolution
		Debug|Any CPU = Debug|Any CPU
		Release|Any CPU = Release|Any CPU
	EndGlobalSection
	GlobalSection(ProjectConfigurationPlatforms) = postSolution
		{3C08C655-FD03-49AF-84F8-DA5B4FBACFF7}.Debug|Any CPU.ActiveCfg = Debug|Any CPU
		{3C08C655-FD03-49AF-84F8-DA5B4FBACFF7}.Debug|Any CPU.Build.0 = Debug|Any CPU
		{3C08C655-FD03-49AF-84F8-DA5B4FBACFF7}.Release|Any CPU.ActiveCfg = Release|Any CPU
		{3C08C655-FD03-49AF-84F8-DA5B4FBACFF7}.Release|Any CPU.Build.0 = Release|Any CPU
	EndGlobalSection
	GlobalSection(SolutionProperties) = preSolution
		HideSolutionNode = FALSE
	EndGlobalSection
	GlobalSection(ExtensibilityGlobals) = postSolution
		SolutionGuid = {AE7D8C09-2FC3-4A42-85D9-47A1C5E92DE1}
	EndGlobalSection
EndGlobal
