
Microsoft Visual Studio Solution File, Format Version 12.00
# Visual Studio Version 17
VisualStudioVersion = 17.2.32630.192
MinimumVisualStudioVersion = 10.0.40219.1
Project("{FAE04EC0-301F-11D3-BF4B-00C04F79EFBC}") = "Shoppe_Solution.WebApp", "Shoppe_Solution.WebApp\Shoppe_Solution.WebApp.csproj", "{C26CABE1-136F-427C-AC73-020EDFA66670}"
EndProject
Global
	GlobalSection(SolutionConfigurationPlatforms) = preSolution
		Debug|Any CPU = Debug|Any CPU
		Release|Any CPU = Release|Any CPU
	EndGlobalSection
	GlobalSection(ProjectConfigurationPlatforms) = postSolution
		{C26CABE1-136F-427C-AC73-020EDFA66670}.Debug|Any CPU.ActiveCfg = Debug|Any CPU
		{C26CABE1-136F-427C-AC73-020EDFA66670}.Debug|Any CPU.Build.0 = Debug|Any CPU
		{C26CABE1-136F-427C-AC73-020EDFA66670}.Release|Any CPU.ActiveCfg = Release|Any CPU
		{C26CABE1-136F-427C-AC73-020EDFA66670}.Release|Any CPU.Build.0 = Release|Any CPU
	EndGlobalSection
	GlobalSection(SolutionProperties) = preSolution
		HideSolutionNode = FALSE
	EndGlobalSection
	GlobalSection(ExtensibilityGlobals) = postSolution
		SolutionGuid = {95264B86-9323-4B43-8884-9CA5809AF996}
	EndGlobalSection
EndGlobal
